
Microsoft Visual Studio Solution File, Format Version 12.00
# Visual Studio Version 17
VisualStudioVersion = 17.5.002.0
MinimumVisualStudioVersion = 10.0.40219.1
Project("{2150E333-8FDC-42A3-9474-1A3956D46DE8}") = "csharp-prep", "csharp-prep", "{D1C1E2AE-D4BB-4EB9-BA17-806AFAAA322A}"
EndProject
Project("{9A19103F-16F7-4668-BE54-9A1E7A4F7556}") = "Prep1", "csharp-prep\Prep1\Prep1.csproj", "{BA8C4F46-59DD-4CA2-AD9C-C92A0EC857B1}"
EndProject
Project("{9A19103F-16F7-4668-BE54-9A1E7A4F7556}") = "Prep2", "csharp-prep\Prep2\Prep2.csproj", "{51669F01-0FB8-4FD0-9005-FD9F90C8BFE6}"
EndProject
Project("{9A19103F-16F7-4668-BE54-9A1E7A4F7556}") = "Prep3", "csharp-prep\Prep3\Prep3.csproj", "{7E28BB3E-CF7B-4511-8AD5-33303A52ADAB}"
EndProject
Project("{9A19103F-16F7-4668-BE54-9A1E7A4F7556}") = "Prep4", "csharp-prep\Prep4\Prep4.csproj", "{E2D3874B-E344-4498-8041-BAE25E73E200}"
EndProject
Project("{9A19103F-16F7-4668-BE54-9A1E7A4F7556}") = "Prep5", "csharp-prep\Prep5\Prep5.csproj", "{F84C6AE3-93A7-4FF3-85F9-4CFC7D985E9F}"
EndProject
Project("{2150E333-8FDC-42A3-9474-1A3956D46DE8}") = "final", "final", "{1964E7CA-D44E-4444-94E8-0AB79CB69FA4}"
EndProject
Project("{9A19103F-16F7-4668-BE54-9A1E7A4F7556}") = "FinalProject", "final\FinalProject\FinalProject.csproj", "{99B2538E-80A7-4F2F-8A01-C94EDF45DB17}"
EndProject
Project("{9A19103F-16F7-4668-BE54-9A1E7A4F7556}") = "Foundation1", "final\Foundation1\Foundation1.csproj", "{A8B2347D-073D-4007-B0A8-F8BA08BC41E5}"
EndProject
Project("{9A19103F-16F7-4668-BE54-9A1E7A4F7556}") = "Foundation2", "final\Foundation2\Foundation2.csproj", "{427B24AB-B29C-4147-B98D-8C1E950FCD88}"
EndProject
Project("{9A19103F-16F7-4668-BE54-9A1E7A4F7556}") = "Foundation3", "final\Foundation3\Foundation3.csproj", "{B7EDF74F-4CF1-4E72-855E-C9437DF39D73}"
EndProject
Project("{9A19103F-16F7-4668-BE54-9A1E7A4F7556}") = "Foundation4", "final\Foundation4\Foundation4.csproj", "{F16E7308-E9D5-463B-A182-0FA546D2586B}"
EndProject
Project("{2150E333-8FDC-42A3-9474-1A3956D46DE8}") = "prepare", "prepare", "{B18D2132-3B12-40A4-87F5-97CAE7CB3ED2}"
EndProject
Project("{9A19103F-16F7-4668-BE54-9A1E7A4F7556}") = "Learning02", "prepare\Learning02\Learning02.csproj", "{5A9AE1CC-4591-43B7-B2CA-2AA820AE0EE0}"
EndProject
Project("{9A19103F-16F7-4668-BE54-9A1E7A4F7556}") = "Learning03", "prepare\Learning03\Learning03.csproj", "{49B55A82-AFF8-4811-B8FC-F6B38A97D35B}"
EndProject
Project("{9A19103F-16F7-4668-BE54-9A1E7A4F7556}") = "Learning04", "prepare\Learning04\Learning04.csproj", "{3AD7482D-BA20-4D11-B91D-7EFAE297D35E}"
EndProject
Project("{9A19103F-16F7-4668-BE54-9A1E7A4F7556}") = "Learning05", "prepare\Learning05\Learning05.csproj", "{180A142C-D0F5-40F5-A91D-24C69CD114AF}"
EndProject
Project("{2150E333-8FDC-42A3-9474-1A3956D46DE8}") = "prove", "prove", "{60B3B1B7-706C-41B5-8292-F750EDE76718}"
EndProject
Project("{9A19103F-16F7-4668-BE54-9A1E7A4F7556}") = "Develop02", "prove\Develop02\Develop02.csproj", "{2825F045-10F0-429F-8344-E36532ECE58D}"
EndProject
Project("{9A19103F-16F7-4668-BE54-9A1E7A4F7556}") = "Develop03", "prove\Develop03\Develop03.csproj", "{20F2C6AA-74D7-4411-BC00-EA385420A9A9}"
EndProject
Project("{9A19103F-16F7-4668-BE54-9A1E7A4F7556}") = "Develop04", "prove\Develop04\Develop04.csproj", "{F6C1391F-FC9C-404A-9B22-4F21395A190F}"
EndProject
Project("{9A19103F-16F7-4668-BE54-9A1E7A4F7556}") = "Develop05", "prove\Develop05\Develop05.csproj", "{096DA477-5B6F-4014-B928-91C31C9B4B8B}"
EndProject
Project("{2150E333-8FDC-42A3-9474-1A3956D46DE8}") = "sandbox", "sandbox", "{D4C1880F-55B5-4ED1-9EE2-5E7D4A8D8155}"
EndProject
Project("{9A19103F-16F7-4668-BE54-9A1E7A4F7556}") = "Sandbox", "sandbox\Sandbox\Sandbox.csproj", "{B40E9CB2-ADB9-475C-80F5-F1A7B18D1AEB}"
EndProject
Global
	GlobalSection(SolutionConfigurationPlatforms) = preSolution
		Debug|Any CPU = Debug|Any CPU
		Release|Any CPU = Release|Any CPU
	EndGlobalSection
	GlobalSection(ProjectConfigurationPlatforms) = postSolution
		{BA8C4F46-59DD-4CA2-AD9C-C92A0EC857B1}.Debug|Any CPU.ActiveCfg = Debug|Any CPU
		{BA8C4F46-59DD-4CA2-AD9C-C92A0EC857B1}.Debug|Any CPU.Build.0 = Debug|Any CPU
		{BA8C4F46-59DD-4CA2-AD9C-C92A0EC857B1}.Release|Any CPU.ActiveCfg = Release|Any CPU
		{BA8C4F46-59DD-4CA2-AD9C-C92A0EC857B1}.Release|Any CPU.Build.0 = Release|Any CPU
		{51669F01-0FB8-4FD0-9005-FD9F90C8BFE6}.Debug|Any CPU.ActiveCfg = Debug|Any CPU
		{51669F01-0FB8-4FD0-9005-FD9F90C8BFE6}.Debug|Any CPU.Build.0 = Debug|Any CPU
		{51669F01-0FB8-4FD0-9005-FD9F90C8BFE6}.Release|Any CPU.ActiveCfg = Release|Any CPU
		{51669F01-0FB8-4FD0-9005-FD9F90C8BFE6}.Release|Any CPU.Build.0 = Release|Any CPU
		{7E28BB3E-CF7B-4511-8AD5-33303A52ADAB}.Debug|Any CPU.ActiveCfg = Debug|Any CPU
		{7E28BB3E-CF7B-4511-8AD5-33303A52ADAB}.Debug|Any CPU.Build.0 = Debug|Any CPU
		{7E28BB3E-CF7B-4511-8AD5-33303A52ADAB}.Release|Any CPU.ActiveCfg = Release|Any CPU
		{7E28BB3E-CF7B-4511-8AD5-33303A52ADAB}.Release|Any CPU.Build.0 = Release|Any CPU
		{E2D3874B-E344-4498-8041-BAE25E73E200}.Debug|Any CPU.ActiveCfg = Debug|Any CPU
		{E2D3874B-E344-4498-8041-BAE25E73E200}.Debug|Any CPU.Build.0 = Debug|Any CPU
		{E2D3874B-E344-4498-8041-BAE25E73E200}.Release|Any CPU.ActiveCfg = Release|Any CPU
		{E2D3874B-E344-4498-8041-BAE25E73E200}.Release|Any CPU.Build.0 = Release|Any CPU
		{F84C6AE3-93A7-4FF3-85F9-4CFC7D985E9F}.Debug|Any CPU.ActiveCfg = Debug|Any CPU
		{F84C6AE3-93A7-4FF3-85F9-4CFC7D985E9F}.Debug|Any CPU.Build.0 = Debug|Any CPU
		{F84C6AE3-93A7-4FF3-85F9-4CFC7D985E9F}.Release|Any CPU.ActiveCfg = Release|Any CPU
		{F84C6AE3-93A7-4FF3-85F9-4CFC7D985E9F}.Release|Any CPU.Build.0 = Release|Any CPU
		{99B2538E-80A7-4F2F-8A01-C94EDF45DB17}.Debug|Any CPU.ActiveCfg = Debug|Any CPU
		{99B2538E-80A7-4F2F-8A01-C94EDF45DB17}.Debug|Any CPU.Build.0 = Debug|Any CPU
		{99B2538E-80A7-4F2F-8A01-C94EDF45DB17}.Release|Any CPU.ActiveCfg = Release|Any CPU
		{99B2538E-80A7-4F2F-8A01-C94EDF45DB17}.Release|Any CPU.Build.0 = Release|Any CPU
		{A8B2347D-073D-4007-B0A8-F8BA08BC41E5}.Debug|Any CPU.ActiveCfg = Debug|Any CPU
		{A8B2347D-073D-4007-B0A8-F8BA08BC41E5}.Debug|Any CPU.Build.0 = Debug|Any CPU
		{A8B2347D-073D-4007-B0A8-F8BA08BC41E5}.Release|Any CPU.ActiveCfg = Release|Any CPU
		{A8B2347D-073D-4007-B0A8-F8BA08BC41E5}.Release|Any CPU.Build.0 = Release|Any CPU
		{427B24AB-B29C-4147-B98D-8C1E950FCD88}.Debug|Any CPU.ActiveCfg = Debug|Any CPU
		{427B24AB-B29C-4147-B98D-8C1E950FCD88}.Debug|Any CPU.Build.0 = Debug|Any CPU
		{427B24AB-B29C-4147-B98D-8C1E950FCD88}.Release|Any CPU.ActiveCfg = Release|Any CPU
		{427B24AB-B29C-4147-B98D-8C1E950FCD88}.Release|Any CPU.Build.0 = Release|Any CPU
		{B7EDF74F-4CF1-4E72-855E-C9437DF39D73}.Debug|Any CPU.ActiveCfg = Debug|Any CPU
		{B7EDF74F-4CF1-4E72-855E-C9437DF39D73}.Debug|Any CPU.Build.0 = Debug|Any CPU
		{B7EDF74F-4CF1-4E72-855E-C9437DF39D73}.Release|Any CPU.ActiveCfg = Release|Any CPU
		{B7EDF74F-4CF1-4E72-855E-C9437DF39D73}.Release|Any CPU.Build.0 = Release|Any CPU
		{F16E7308-E9D5-463B-A182-0FA546D2586B}.Debug|Any CPU.ActiveCfg = Debug|Any CPU
		{F16E7308-E9D5-463B-A182-0FA546D2586B}.Debug|Any CPU.Build.0 = Debug|Any CPU
		{F16E7308-E9D5-463B-A182-0FA546D2586B}.Release|Any CPU.ActiveCfg = Release|Any CPU
		{F16E7308-E9D5-463B-A182-0FA546D2586B}.Release|Any CPU.Build.0 = Release|Any CPU
		{5A9AE1CC-4591-43B7-B2CA-2AA820AE0EE0}.Debug|Any CPU.ActiveCfg = Debug|Any CPU
		{5A9AE1CC-4591-43B7-B2CA-2AA820AE0EE0}.Debug|Any CPU.Build.0 = Debug|Any CPU
		{5A9AE1CC-4591-43B7-B2CA-2AA820AE0EE0}.Release|Any CPU.ActiveCfg = Release|Any CPU
		{5A9AE1CC-4591-43B7-B2CA-2AA820AE0EE0}.Release|Any CPU.Build.0 = Release|Any CPU
		{49B55A82-AFF8-4811-B8FC-F6B38A97D35B}.Debug|Any CPU.ActiveCfg = Debug|Any CPU
		{49B55A82-AFF8-4811-B8FC-F6B38A97D35B}.Debug|Any CPU.Build.0 = Debug|Any CPU
		{49B55A82-AFF8-4811-B8FC-F6B38A97D35B}.Release|Any CPU.ActiveCfg = Release|Any CPU
		{49B55A82-AFF8-4811-B8FC-F6B38A97D35B}.Release|Any CPU.Build.0 = Release|Any CPU
		{3AD7482D-BA20-4D11-B91D-7EFAE297D35E}.Debug|Any CPU.ActiveCfg = Debug|Any CPU
		{3AD7482D-BA20-4D11-B91D-7EFAE297D35E}.Debug|Any CPU.Build.0 = Debug|Any CPU
		{3AD7482D-BA20-4D11-B91D-7EFAE297D35E}.Release|Any CPU.ActiveCfg = Release|Any CPU
		{3AD7482D-BA20-4D11-B91D-7EFAE297D35E}.Release|Any CPU.Build.0 = Release|Any CPU
		{180A142C-D0F5-40F5-A91D-24C69CD114AF}.Debug|Any CPU.ActiveCfg = Debug|Any CPU
		{180A142C-D0F5-40F5-A91D-24C69CD114AF}.Debug|Any CPU.Build.0 = Debug|Any CPU
		{180A142C-D0F5-40F5-A91D-24C69CD114AF}.Release|Any CPU.ActiveCfg = Release|Any CPU
		{180A142C-D0F5-40F5-A91D-24C69CD114AF}.Release|Any CPU.Build.0 = Release|Any CPU
		{2825F045-10F0-429F-8344-E36532ECE58D}.Debug|Any CPU.ActiveCfg = Debug|Any CPU
		{2825F045-10F0-429F-8344-E36532ECE58D}.Debug|Any CPU.Build.0 = Debug|Any CPU
		{2825F045-10F0-429F-8344-E36532ECE58D}.Release|Any CPU.ActiveCfg = Release|Any CPU
		{2825F045-10F0-429F-8344-E36532ECE58D}.Release|Any CPU.Build.0 = Release|Any CPU
		{20F2C6AA-74D7-4411-BC00-EA385420A9A9}.Debug|Any CPU.ActiveCfg = Debug|Any CPU
		{20F2C6AA-74D7-4411-BC00-EA385420A9A9}.Debug|Any CPU.Build.0 = Debug|Any CPU
		{20F2C6AA-74D7-4411-BC00-EA385420A9A9}.Release|Any CPU.ActiveCfg = Release|Any CPU
		{20F2C6AA-74D7-4411-BC00-EA385420A9A9}.Release|Any CPU.Build.0 = Release|Any CPU
		{F6C1391F-FC9C-404A-9B22-4F21395A190F}.Debug|Any CPU.ActiveCfg = Debug|Any CPU
		{F6C1391F-FC9C-404A-9B22-4F21395A190F}.Debug|Any CPU.Build.0 = Debug|Any CPU
		{F6C1391F-FC9C-404A-9B22-4F21395A190F}.Release|Any CPU.ActiveCfg = Release|Any CPU
		{F6C1391F-FC9C-404A-9B22-4F21395A190F}.Release|Any CPU.Build.0 = Release|Any CPU
		{096DA477-5B6F-4014-B928-91C31C9B4B8B}.Debug|Any CPU.ActiveCfg = Debug|Any CPU
		{096DA477-5B6F-4014-B928-91C31C9B4B8B}.Debug|Any CPU.Build.0 = Debug|Any CPU
		{096DA477-5B6F-4014-B928-91C31C9B4B8B}.Release|Any CPU.ActiveCfg = Release|Any CPU
		{096DA477-5B6F-4014-B928-91C31C9B4B8B}.Release|Any CPU.Build.0 = Release|Any CPU
		{B40E9CB2-ADB9-475C-80F5-F1A7B18D1AEB}.Debug|Any CPU.ActiveCfg = Debug|Any CPU
		{B40E9CB2-ADB9-475C-80F5-F1A7B18D1AEB}.Debug|Any CPU.Build.0 = Debug|Any CPU
		{B40E9CB2-ADB9-475C-80F5-F1A7B18D1AEB}.Release|Any CPU.ActiveCfg = Release|Any CPU
		{B40E9CB2-ADB9-475C-80F5-F1A7B18D1AEB}.Release|Any CPU.Build.0 = Release|Any CPU
	EndGlobalSection
	GlobalSection(SolutionProperties) = preSolution
		HideSolutionNode = FALSE
	EndGlobalSection
	GlobalSection(NestedProjects) = preSolution
		{BA8C4F46-59DD-4CA2-AD9C-C92A0EC857B1} = {D1C1E2AE-D4BB-4EB9-BA17-806AFAAA322A}
		{51669F01-0FB8-4FD0-9005-FD9F90C8BFE6} = {D1C1E2AE-D4BB-4EB9-BA17-806AFAAA322A}
		{7E28BB3E-CF7B-4511-8AD5-33303A52ADAB} = {D1C1E2AE-D4BB-4EB9-BA17-806AFAAA322A}
		{E2D3874B-E344-4498-8041-BAE25E73E200} = {D1C1E2AE-D4BB-4EB9-BA17-806AFAAA322A}
		{F84C6AE3-93A7-4FF3-85F9-4CFC7D985E9F} = {D1C1E2AE-D4BB-4EB9-BA17-806AFAAA322A}
		{99B2538E-80A7-4F2F-8A01-C94EDF45DB17} = {1964E7CA-D44E-4444-94E8-0AB79CB69FA4}
		{A8B2347D-073D-4007-B0A8-F8BA08BC41E5} = {1964E7CA-D44E-4444-94E8-0AB79CB69FA4}
		{427B24AB-B29C-4147-B98D-8C1E950FCD88} = {1964E7CA-D44E-4444-94E8-0AB79CB69FA4}
		{B7EDF74F-4CF1-4E72-855E-C9437DF39D73} = {1964E7CA-D44E-4444-94E8-0AB79CB69FA4}
		{F16E7308-E9D5-463B-A182-0FA546D2586B} = {1964E7CA-D44E-4444-94E8-0AB79CB69FA4}
		{5A9AE1CC-4591-43B7-B2CA-2AA820AE0EE0} = {B18D2132-3B12-40A4-87F5-97CAE7CB3ED2}
		{49B55A82-AFF8-4811-B8FC-F6B38A97D35B} = {B18D2132-3B12-40A4-87F5-97CAE7CB3ED2}
		{3AD7482D-BA20-4D11-B91D-7EFAE297D35E} = {B18D2132-3B12-40A4-87F5-97CAE7CB3ED2}
		{180A142C-D0F5-40F5-A91D-24C69CD114AF} = {B18D2132-3B12-40A4-87F5-97CAE7CB3ED2}
		{2825F045-10F0-429F-8344-E36532ECE58D} = {60B3B1B7-706C-41B5-8292-F750EDE76718}
		{20F2C6AA-74D7-4411-BC00-EA385420A9A9} = {60B3B1B7-706C-41B5-8292-F750EDE76718}
		{F6C1391F-FC9C-404A-9B22-4F21395A190F} = {60B3B1B7-706C-41B5-8292-F750EDE76718}
		{096DA477-5B6F-4014-B928-91C31C9B4B8B} = {60B3B1B7-706C-41B5-8292-F750EDE76718}
		{B40E9CB2-ADB9-475C-80F5-F1A7B18D1AEB} = {D4C1880F-55B5-4ED1-9EE2-5E7D4A8D8155}
	EndGlobalSection
	GlobalSection(ExtensibilityGlobals) = postSolution
		SolutionGuid = {BFE55B0A-3430-4A41-BA1B-51A3639EFFA6}
	EndGlobalSection
EndGlobal
